
Microsoft Visual Studio Solution File, Format Version 12.00
# Visual Studio Version 16
VisualStudioVersion = 16.0.30523.141
MinimumVisualStudioVersion = 10.0.40219.1
Project("{FAE04EC0-301F-11D3-BF4B-00C04F79EFBC}") = "InventoryManagement_JobanSandhu", "InventoryManagement_JobanSandhu\InventoryManagement_JobanSandhu.csproj", "{C6080AD7-13FC-4901-87FF-5F7C09B0E493}"
EndProject
Global
	GlobalSection(SolutionConfigurationPlatforms) = preSolution
		Debug|Any CPU = Debug|Any CPU
		Release|Any CPU = Release|Any CPU
	EndGlobalSection
	GlobalSection(ProjectConfigurationPlatforms) = postSolution
		{C6080AD7-13FC-4901-87FF-5F7C09B0E493}.Debug|Any CPU.ActiveCfg = Debug|Any CPU
		{C6080AD7-13FC-4901-87FF-5F7C09B0E493}.Debug|Any CPU.Build.0 = Debug|Any CPU
		{C6080AD7-13FC-4901-87FF-5F7C09B0E493}.Release|Any CPU.ActiveCfg = Release|Any CPU
		{C6080AD7-13FC-4901-87FF-5F7C09B0E493}.Release|Any CPU.Build.0 = Release|Any CPU
	EndGlobalSection
	GlobalSection(SolutionProperties) = preSolution
		HideSolutionNode = FALSE
	EndGlobalSection
	GlobalSection(ExtensibilityGlobals) = postSolution
		SolutionGuid = {361DD5EC-702B-47FF-845C-991926332026}
	EndGlobalSection
EndGlobal
